
Microsoft Visual Studio Solution File, Format Version 12.00
# Visual Studio Version 17
VisualStudioVersion = 17.11.35327.3
MinimumVisualStudioVersion = 10.0.40219.1
Project("{FAE04EC0-301F-11D3-BF4B-00C04F79EFBC}") = "Stage0", "Stage0\Stage0.csproj", "{FB66D8FD-2951-463B-A92E-56E6C316F3A0}"
EndProject
Project("{2150E333-8FDC-42A3-9474-1A3956D46DE8}") = "Solution Items", "Solution Items", "{0B88B2C2-1559-4C05-BB21-49FBAAC1AF57}"
	ProjectSection(SolutionItems) = preProject
		README.md = README.md
	EndProjectSection
EndProject
Project("{FAE04EC0-301F-11D3-BF4B-00C04F79EFBC}") = "DalFacade", "DalFacade\DalFacade.csproj", "{21932648-5EAE-4E64-B029-EC68578C8395}"
EndProject
Project("{FAE04EC0-301F-11D3-BF4B-00C04F79EFBC}") = "DalList", "DalList\DalList.csproj", "{AEEA8895-B2EE-45D2-8719-B92CE1C009B1}"
EndProject
Project("{FAE04EC0-301F-11D3-BF4B-00C04F79EFBC}") = "DalTest", "DalTest\DalTest.csproj", "{C26FB959-88FE-46F6-873E-14C6F3F3FDA5}"
EndProject
Project("{FAE04EC0-301F-11D3-BF4B-00C04F79EFBC}") = "DalXml", "DalXml\DalXml.csproj", "{4A77EA4F-B24F-4E85-A87F-CBB5BCD67649}"
EndProject
Project("{2150E333-8FDC-42A3-9474-1A3956D46DE8}") = "xml", "xml", "{3D1CE05C-E6C0-40CD-BDD6-6C71C1C1AF88}"
	ProjectSection(SolutionItems) = preProject
		xml\Assignments.xml = xml\Assignments.xml
		xml\Calls.xml = xml\Calls.xml
		xml\dal-config.xml = xml\dal-config.xml
		xml\data-config.xml = xml\data-config.xml
		xml\Volunteers.xml = xml\Volunteers.xml
	EndProjectSection
EndProject
Project("{FAE04EC0-301F-11D3-BF4B-00C04F79EFBC}") = "BL", "BL\BL.csproj", "{215DF69B-F0A1-40CE-9A99-6F0167B231A3}"
EndProject
Project("{FAE04EC0-301F-11D3-BF4B-00C04F79EFBC}") = "BlTest", "BlTest\BlTest.csproj", "{46CBBE69-B657-496C-8842-A29311A01F68}"
EndProject
Global
	GlobalSection(SolutionConfigurationPlatforms) = preSolution
		Debug|Any CPU = Debug|Any CPU
		Release|Any CPU = Release|Any CPU
	EndGlobalSection
	GlobalSection(ProjectConfigurationPlatforms) = postSolution
		{FB66D8FD-2951-463B-A92E-56E6C316F3A0}.Debug|Any CPU.ActiveCfg = Debug|Any CPU
		{FB66D8FD-2951-463B-A92E-56E6C316F3A0}.Debug|Any CPU.Build.0 = Debug|Any CPU
		{FB66D8FD-2951-463B-A92E-56E6C316F3A0}.Release|Any CPU.ActiveCfg = Release|Any CPU
		{FB66D8FD-2951-463B-A92E-56E6C316F3A0}.Release|Any CPU.Build.0 = Release|Any CPU
		{21932648-5EAE-4E64-B029-EC68578C8395}.Debug|Any CPU.ActiveCfg = Debug|Any CPU
		{21932648-5EAE-4E64-B029-EC68578C8395}.Debug|Any CPU.Build.0 = Debug|Any CPU
		{21932648-5EAE-4E64-B029-EC68578C8395}.Release|Any CPU.ActiveCfg = Release|Any CPU
		{21932648-5EAE-4E64-B029-EC68578C8395}.Release|Any CPU.Build.0 = Release|Any CPU
		{AEEA8895-B2EE-45D2-8719-B92CE1C009B1}.Debug|Any CPU.ActiveCfg = Debug|Any CPU
		{AEEA8895-B2EE-45D2-8719-B92CE1C009B1}.Debug|Any CPU.Build.0 = Debug|Any CPU
		{AEEA8895-B2EE-45D2-8719-B92CE1C009B1}.Release|Any CPU.ActiveCfg = Release|Any CPU
		{AEEA8895-B2EE-45D2-8719-B92CE1C009B1}.Release|Any CPU.Build.0 = Release|Any CPU
		{C26FB959-88FE-46F6-873E-14C6F3F3FDA5}.Debug|Any CPU.ActiveCfg = Debug|Any CPU
		{C26FB959-88FE-46F6-873E-14C6F3F3FDA5}.Debug|Any CPU.Build.0 = Debug|Any CPU
		{C26FB959-88FE-46F6-873E-14C6F3F3FDA5}.Release|Any CPU.ActiveCfg = Release|Any CPU
		{C26FB959-88FE-46F6-873E-14C6F3F3FDA5}.Release|Any CPU.Build.0 = Release|Any CPU
		{4A77EA4F-B24F-4E85-A87F-CBB5BCD67649}.Debug|Any CPU.ActiveCfg = Debug|Any CPU
		{4A77EA4F-B24F-4E85-A87F-CBB5BCD67649}.Debug|Any CPU.Build.0 = Debug|Any CPU
		{4A77EA4F-B24F-4E85-A87F-CBB5BCD67649}.Release|Any CPU.ActiveCfg = Release|Any CPU
		{4A77EA4F-B24F-4E85-A87F-CBB5BCD67649}.Release|Any CPU.Build.0 = Release|Any CPU
		{215DF69B-F0A1-40CE-9A99-6F0167B231A3}.Debug|Any CPU.ActiveCfg = Debug|Any CPU
		{215DF69B-F0A1-40CE-9A99-6F0167B231A3}.Debug|Any CPU.Build.0 = Debug|Any CPU
		{215DF69B-F0A1-40CE-9A99-6F0167B231A3}.Release|Any CPU.ActiveCfg = Release|Any CPU
		{215DF69B-F0A1-40CE-9A99-6F0167B231A3}.Release|Any CPU.Build.0 = Release|Any CPU
		{46CBBE69-B657-496C-8842-A29311A01F68}.Debug|Any CPU.ActiveCfg = Debug|Any CPU
		{46CBBE69-B657-496C-8842-A29311A01F68}.Debug|Any CPU.Build.0 = Debug|Any CPU
		{46CBBE69-B657-496C-8842-A29311A01F68}.Release|Any CPU.ActiveCfg = Release|Any CPU
		{46CBBE69-B657-496C-8842-A29311A01F68}.Release|Any CPU.Build.0 = Release|Any CPU
	EndGlobalSection
	GlobalSection(SolutionProperties) = preSolution
		HideSolutionNode = FALSE
	EndGlobalSection
	GlobalSection(ExtensibilityGlobals) = postSolution
		SolutionGuid = {1C8E95EC-637E-4FE1-BCEC-4F25F076E8B1}
	EndGlobalSection
EndGlobal
