
Microsoft Visual Studio Solution File, Format Version 12.00
# Visual Studio Version 17
VisualStudioVersion = 17.11.35327.3
MinimumVisualStudioVersion = 10.0.40219.1
Project("{FAE04EC0-301F-11D3-BF4B-00C04F79EFBC}") = "Stage0", "Stage0\Stage0.csproj", "{FB66D8FD-2951-463B-A92E-56E6C316F3A0}"
EndProject
Global
	GlobalSection(SolutionConfigurationPlatforms) = preSolution
		Debug|Any CPU = Debug|Any CPU
		Release|Any CPU = Release|Any CPU
	EndGlobalSection
	GlobalSection(ProjectConfigurationPlatforms) = postSolution
		{FB66D8FD-2951-463B-A92E-56E6C316F3A0}.Debug|Any CPU.ActiveCfg = Debug|Any CPU
		{FB66D8FD-2951-463B-A92E-56E6C316F3A0}.Debug|Any CPU.Build.0 = Debug|Any CPU
		{FB66D8FD-2951-463B-A92E-56E6C316F3A0}.Release|Any CPU.ActiveCfg = Release|Any CPU
		{FB66D8FD-2951-463B-A92E-56E6C316F3A0}.Release|Any CPU.Build.0 = Release|Any CPU
	EndGlobalSection
	GlobalSection(SolutionProperties) = preSolution
		HideSolutionNode = FALSE
	EndGlobalSection
	GlobalSection(ExtensibilityGlobals) = postSolution
		SolutionGuid = {1C8E95EC-637E-4FE1-BCEC-4F25F076E8B1}
	EndGlobalSection
EndGlobal
